// !$*UTF8*$!
{
	archiveVersion = 1;
	classes = {
	};
	objectVersion = 46;
	objects = {

/* Begin PBXBuildFile section */
		1D3623260D0F684500981E51 /* VolumeAppDelegate.m in Sources */ = {isa = PBXBuildFile; fileRef = 1D3623250D0F684500981E51 /* VolumeAppDelegate.m */; };
		1D60589B0D05DD56006BFB54 /* main.m in Sources */ = {isa = PBXBuildFile; fileRef = 29B97316FDCFA39411CA2CEA /* main.m */; };
		1D60589F0D05DD5A006BFB54 /* Foundation.framework in Frameworks */ = {isa = PBXBuildFile; fileRef = 1D30AB110D05D00D00671497 /* Foundation.framework */; };
		1DF5F4E00D08C38300B7A737 /* UIKit.framework in Frameworks */ = {isa = PBXBuildFile; fileRef = 1DF5F4DF0D08C38300B7A737 /* UIKit.framework */; };
		28AD733F0D9D9553002E5188 /* MainWindow.xib in Resources */ = {isa = PBXBuildFile; fileRef = 28AD733E0D9D9553002E5188 /* MainWindow.xib */; };
		28EC4C5911D54ECE0027AA9F /* VolumeViewController.mm in Sources */ = {isa = PBXBuildFile; fileRef = 28EC4C5711D54ECE0027AA9F /* VolumeViewController.mm */; };
		28EC4C5A11D54ECE0027AA9F /* VolumeViewController.xib in Resources */ = {isa = PBXBuildFile; fileRef = 28EC4C5811D54ECE0027AA9F /* VolumeViewController.xib */; };
		28FD14FE0DC6FC130079059D /* EAGLView.mm in Sources */ = {isa = PBXBuildFile; fileRef = 28FD14FD0DC6FC130079059D /* EAGLView.mm */; };
		28FD15000DC6FC520079059D /* OpenGLES.framework in Frameworks */ = {isa = PBXBuildFile; fileRef = 28FD14FF0DC6FC520079059D /* OpenGLES.framework */; };
		28FD15080DC6FC5B0079059D /* QuartzCore.framework in Frameworks */ = {isa = PBXBuildFile; fileRef = 28FD15070DC6FC5B0079059D /* QuartzCore.framework */; };
		834483CC1252035D003F7E18 /* esShader.c in Sources */ = {isa = PBXBuildFile; fileRef = 834483C71252035D003F7E18 /* esShader.c */; };
		834483CD1252035D003F7E18 /* esShapes.c in Sources */ = {isa = PBXBuildFile; fileRef = 834483C81252035D003F7E18 /* esShapes.c */; };
		834483CE1252035D003F7E18 /* esTransform.c in Sources */ = {isa = PBXBuildFile; fileRef = 834483C91252035D003F7E18 /* esTransform.c */; };
		834483CF1252035D003F7E18 /* esUtil.c in Sources */ = {isa = PBXBuildFile; fileRef = 834483CA1252035D003F7E18 /* esUtil.c */; };
		834483FB1252070F003F7E18 /* CoreGraphics.framework in Frameworks */ = {isa = PBXBuildFile; fileRef = 834483FA1252070F003F7E18 /* CoreGraphics.framework */; };
		83BBAF80128C4117008FAA9B /* texture_support.mm in Sources */ = {isa = PBXBuildFile; fileRef = 83BBAF7F128C4117008FAA9B /* texture_support.mm */; };
		BE09ED2212A8469100CC8524 /* CoreMotion.framework in Frameworks */ = {isa = PBXBuildFile; fileRef = BE09ED2112A8469100CC8524 /* CoreMotion.framework */; };
		BE3989FE13CE5A230097B70E /* body01.raw in Resources */ = {isa = PBXBuildFile; fileRef = BE3989FD13CE5A230097B70E /* body01.raw */; };
		C23A00FC15939244007892C6 /* ShaderUtils.cpp in Sources */ = {isa = PBXBuildFile; fileRef = C23A00FA15939244007892C6 /* ShaderUtils.cpp */; };
		C27F3FE515D005DF00E9FE90 /* MainWindow-iPad.xib in Resources */ = {isa = PBXBuildFile; fileRef = C27F3FE415D005DF00E9FE90 /* MainWindow-iPad.xib */; };
		C287653E1594E04600D664ED /* PinholeCamera.m in Sources */ = {isa = PBXBuildFile; fileRef = C287653D1594E04600D664ED /* PinholeCamera.m */; };
/* End PBXBuildFile section */

/* Begin PBXFileReference section */
		1D30AB110D05D00D00671497 /* Foundation.framework */ = {isa = PBXFileReference; lastKnownFileType = wrapper.framework; name = Foundation.framework; path = System/Library/Frameworks/Foundation.framework; sourceTree = SDKROOT; };
		1D3623240D0F684500981E51 /* VolumeAppDelegate.h */ = {isa = PBXFileReference; fileEncoding = 4; lastKnownFileType = sourcecode.c.h; path = VolumeAppDelegate.h; sourceTree = "<group>"; };
		1D3623250D0F684500981E51 /* VolumeAppDelegate.m */ = {isa = PBXFileReference; fileEncoding = 4; lastKnownFileType = sourcecode.c.objc; path = VolumeAppDelegate.m; sourceTree = "<group>"; };
		1D6058910D05DD3D006BFB54 /* volume.app */ = {isa = PBXFileReference; explicitFileType = wrapper.application; includeInIndex = 0; path = volume.app; sourceTree = BUILT_PRODUCTS_DIR; };
		1DF5F4DF0D08C38300B7A737 /* UIKit.framework */ = {isa = PBXFileReference; lastKnownFileType = wrapper.framework; name = UIKit.framework; path = System/Library/Frameworks/UIKit.framework; sourceTree = SDKROOT; };
		2514C27910084DCA00A42282 /* Shader_Volume.fsh */ = {isa = PBXFileReference; fileEncoding = 4; lastKnownFileType = sourcecode.glsl; name = Shader_Volume.fsh; path = Shaders/Shader_Volume.fsh; sourceTree = "<group>"; };
		2514C27A10084DCA00A42282 /* Shader_Volume.vsh */ = {isa = PBXFileReference; fileEncoding = 4; lastKnownFileType = sourcecode.glsl; name = Shader_Volume.vsh; path = Shaders/Shader_Volume.vsh; sourceTree = "<group>"; };
		28AD733E0D9D9553002E5188 /* MainWindow.xib */ = {isa = PBXFileReference; lastKnownFileType = file.xib; path = MainWindow.xib; sourceTree = "<group>"; };
		28EC4C5611D54ECE0027AA9F /* VolumeViewController.h */ = {isa = PBXFileReference; fileEncoding = 4; lastKnownFileType = sourcecode.c.h; path = VolumeViewController.h; sourceTree = "<group>"; };
		28EC4C5711D54ECE0027AA9F /* VolumeViewController.mm */ = {isa = PBXFileReference; fileEncoding = 4; lastKnownFileType = sourcecode.cpp.objcpp; path = VolumeViewController.mm; sourceTree = "<group>"; };
		28EC4C5811D54ECE0027AA9F /* VolumeViewController.xib */ = {isa = PBXFileReference; lastKnownFileType = file.xib; name = VolumeViewController.xib; path = ../VolumeViewController.xib; sourceTree = "<group>"; };
		28FD14FC0DC6FC130079059D /* EAGLView.h */ = {isa = PBXFileReference; fileEncoding = 4; lastKnownFileType = sourcecode.c.h; path = EAGLView.h; sourceTree = "<group>"; };
		28FD14FD0DC6FC130079059D /* EAGLView.mm */ = {isa = PBXFileReference; fileEncoding = 4; lastKnownFileType = sourcecode.cpp.objcpp; path = EAGLView.mm; sourceTree = "<group>"; };
		28FD14FF0DC6FC520079059D /* OpenGLES.framework */ = {isa = PBXFileReference; lastKnownFileType = wrapper.framework; name = OpenGLES.framework; path = System/Library/Frameworks/OpenGLES.framework; sourceTree = SDKROOT; };
		28FD15070DC6FC5B0079059D /* QuartzCore.framework */ = {isa = PBXFileReference; lastKnownFileType = wrapper.framework; name = QuartzCore.framework; path = System/Library/Frameworks/QuartzCore.framework; sourceTree = SDKROOT; };
		29B97316FDCFA39411CA2CEA /* main.m */ = {isa = PBXFileReference; fileEncoding = 4; lastKnownFileType = sourcecode.c.objc; path = main.m; sourceTree = "<group>"; };
		32CA4F630368D1EE00C91783 /* volume_Prefix.pch */ = {isa = PBXFileReference; fileEncoding = 4; lastKnownFileType = sourcecode.c.h; path = volume_Prefix.pch; sourceTree = "<group>"; };
		834483C71252035D003F7E18 /* esShader.c */ = {isa = PBXFileReference; fileEncoding = 4; lastKnownFileType = sourcecode.c.c; path = esShader.c; sourceTree = "<group>"; };
		834483C81252035D003F7E18 /* esShapes.c */ = {isa = PBXFileReference; fileEncoding = 4; lastKnownFileType = sourcecode.c.c; path = esShapes.c; sourceTree = "<group>"; };
		834483C91252035D003F7E18 /* esTransform.c */ = {isa = PBXFileReference; fileEncoding = 4; lastKnownFileType = sourcecode.c.c; path = esTransform.c; sourceTree = "<group>"; };
		834483CA1252035D003F7E18 /* esUtil.c */ = {isa = PBXFileReference; fileEncoding = 4; lastKnownFileType = sourcecode.c.c; path = esUtil.c; sourceTree = "<group>"; };
		834483CB1252035D003F7E18 /* esUtil.h */ = {isa = PBXFileReference; fileEncoding = 4; lastKnownFileType = sourcecode.c.h; path = esUtil.h; sourceTree = "<group>"; };
		834483FA1252070F003F7E18 /* CoreGraphics.framework */ = {isa = PBXFileReference; lastKnownFileType = wrapper.framework; name = CoreGraphics.framework; path = System/Library/Frameworks/CoreGraphics.framework; sourceTree = SDKROOT; };
		83BBAF7E128C4117008FAA9B /* texture_support.h */ = {isa = PBXFileReference; fileEncoding = 4; lastKnownFileType = sourcecode.c.h; path = texture_support.h; sourceTree = "<group>"; };
		83BBAF7F128C4117008FAA9B /* texture_support.mm */ = {isa = PBXFileReference; fileEncoding = 4; lastKnownFileType = sourcecode.cpp.objcpp; path = texture_support.mm; sourceTree = "<group>"; };
		8D1107310486CEB800E47090 /* volume-Info.plist */ = {isa = PBXFileReference; fileEncoding = 4; lastKnownFileType = text.plist.xml; path = "volume-Info.plist"; plistStructureDefinitionIdentifier = "com.apple.xcode.plist.structure-definition.iphone.info-plist"; sourceTree = "<group>"; };
		BE09ED2112A8469100CC8524 /* CoreMotion.framework */ = {isa = PBXFileReference; lastKnownFileType = wrapper.framework; name = CoreMotion.framework; path = System/Library/Frameworks/CoreMotion.framework; sourceTree = SDKROOT; };
		BE3989FD13CE5A230097B70E /* body01.raw */ = {isa = PBXFileReference; lastKnownFileType = file; path = body01.raw; sourceTree = "<group>"; };
		BE83CFB712A01BA60064E879 /* PinholeCamera.h */ = {isa = PBXFileReference; fileEncoding = 4; lastKnownFileType = sourcecode.c.h; path = PinholeCamera.h; sourceTree = "<group>"; };
		BE97EC5A12A538E700ECDA8B /* LookUpTable.h */ = {isa = PBXFileReference; fileEncoding = 4; lastKnownFileType = sourcecode.c.h; path = LookUpTable.h; sourceTree = "<group>"; };
		BE97ED0F12A54A6100ECDA8B /* wsg.h */ = {isa = PBXFileReference; fileEncoding = 4; lastKnownFileType = sourcecode.c.h; path = wsg.h; sourceTree = "<group>"; };
		C23A00FA15939244007892C6 /* ShaderUtils.cpp */ = {isa = PBXFileReference; fileEncoding = 4; lastKnownFileType = sourcecode.cpp.cpp; path = ShaderUtils.cpp; sourceTree = SOURCE_ROOT; };
		C23A00FB15939244007892C6 /* ShaderUtils.h */ = {isa = PBXFileReference; fileEncoding = 4; lastKnownFileType = sourcecode.c.h; path = ShaderUtils.h; sourceTree = SOURCE_ROOT; };
		C27F3FE415D005DF00E9FE90 /* MainWindow-iPad.xib */ = {isa = PBXFileReference; lastKnownFileType = file.xib; name = "MainWindow-iPad.xib"; path = "iPad/MainWindow-iPad.xib"; sourceTree = "<group>"; };
		C287653D1594E04600D664ED /* PinholeCamera.m */ = {isa = PBXFileReference; fileEncoding = 4; lastKnownFileType = sourcecode.c.objc; path = PinholeCamera.m; sourceTree = "<group>"; };
/* End PBXFileReference section */

/* Begin PBXFrameworksBuildPhase section */
		1D60588F0D05DD3D006BFB54 /* Frameworks */ = {
			isa = PBXFrameworksBuildPhase;
			buildActionMask = 2147483647;
			files = (
				1D60589F0D05DD5A006BFB54 /* Foundation.framework in Frameworks */,
				1DF5F4E00D08C38300B7A737 /* UIKit.framework in Frameworks */,
				28FD15000DC6FC520079059D /* OpenGLES.framework in Frameworks */,
				28FD15080DC6FC5B0079059D /* QuartzCore.framework in Frameworks */,
				834483FB1252070F003F7E18 /* CoreGraphics.framework in Frameworks */,
				BE09ED2212A8469100CC8524 /* CoreMotion.framework in Frameworks */,
			);
			runOnlyForDeploymentPostprocessing = 0;
		};
/* End PBXFrameworksBuildPhase section */

/* Begin PBXGroup section */
		080E96DDFE201D6D7F000001 /* Classes */ = {
			isa = PBXGroup;
			children = (
				C23A00FA15939244007892C6 /* ShaderUtils.cpp */,
				C23A00FB15939244007892C6 /* ShaderUtils.h */,
				83BBAF7E128C4117008FAA9B /* texture_support.h */,
				83BBAF7F128C4117008FAA9B /* texture_support.mm */,
				28FD14FC0DC6FC130079059D /* EAGLView.h */,
				28FD14FD0DC6FC130079059D /* EAGLView.mm */,
				1D3623240D0F684500981E51 /* VolumeAppDelegate.h */,
				1D3623250D0F684500981E51 /* VolumeAppDelegate.m */,
				28EC4C5611D54ECE0027AA9F /* VolumeViewController.h */,
				28EC4C5711D54ECE0027AA9F /* VolumeViewController.mm */,
				28EC4C5811D54ECE0027AA9F /* VolumeViewController.xib */,
				BE83CFB712A01BA60064E879 /* PinholeCamera.h */,
				C287653D1594E04600D664ED /* PinholeCamera.m */,
				BE97EC5A12A538E700ECDA8B /* LookUpTable.h */,
				BE97ED0F12A54A6100ECDA8B /* wsg.h */,
			);
			path = Classes;
			sourceTree = "<group>";
		};
		19C28FACFE9D520D11CA2CBB /* Products */ = {
			isa = PBXGroup;
			children = (
				1D6058910D05DD3D006BFB54 /* volume.app */,
			);
			name = Products;
			sourceTree = "<group>";
		};
		2514C27610084DB600A42282 /* Shaders */ = {
			isa = PBXGroup;
			children = (
				2514C27910084DCA00A42282 /* Shader_Volume.fsh */,
				2514C27A10084DCA00A42282 /* Shader_Volume.vsh */,
			);
			name = Shaders;
			sourceTree = "<group>";
		};
		29B97314FDCFA39411CA2CEA /* CustomTemplate */ = {
			isa = PBXGroup;
			children = (
				834483C61252035D003F7E18 /* esUtils */,
				080E96DDFE201D6D7F000001 /* Classes */,
				2514C27610084DB600A42282 /* Shaders */,
				29B97315FDCFA39411CA2CEA /* Other Sources */,
				29B97317FDCFA39411CA2CEA /* Resources */,
				C27F3FE315D005DE00E9FE90 /* iPad */,
				29B97323FDCFA39411CA2CEA /* Frameworks */,
				19C28FACFE9D520D11CA2CBB /* Products */,
			);
			name = CustomTemplate;
			sourceTree = "<group>";
		};
		29B97315FDCFA39411CA2CEA /* Other Sources */ = {
			isa = PBXGroup;
			children = (
				32CA4F630368D1EE00C91783 /* volume_Prefix.pch */,
				29B97316FDCFA39411CA2CEA /* main.m */,
			);
			name = "Other Sources";
			sourceTree = "<group>";
		};
		29B97317FDCFA39411CA2CEA /* Resources */ = {
			isa = PBXGroup;
			children = (
				BE3989FD13CE5A230097B70E /* body01.raw */,
				28AD733E0D9D9553002E5188 /* MainWindow.xib */,
				8D1107310486CEB800E47090 /* volume-Info.plist */,
			);
			name = Resources;
			sourceTree = "<group>";
		};
		29B97323FDCFA39411CA2CEA /* Frameworks */ = {
			isa = PBXGroup;
			children = (
				BE09ED2112A8469100CC8524 /* CoreMotion.framework */,
				28FD15070DC6FC5B0079059D /* QuartzCore.framework */,
				28FD14FF0DC6FC520079059D /* OpenGLES.framework */,
				1DF5F4DF0D08C38300B7A737 /* UIKit.framework */,
				1D30AB110D05D00D00671497 /* Foundation.framework */,
				834483FA1252070F003F7E18 /* CoreGraphics.framework */,
			);
			name = Frameworks;
			sourceTree = "<group>";
		};
		834483C61252035D003F7E18 /* esUtils */ = {
			isa = PBXGroup;
			children = (
				834483C71252035D003F7E18 /* esShader.c */,
				834483C81252035D003F7E18 /* esShapes.c */,
				834483C91252035D003F7E18 /* esTransform.c */,
				834483CA1252035D003F7E18 /* esUtil.c */,
				834483CB1252035D003F7E18 /* esUtil.h */,
			);
			path = esUtils;
			sourceTree = "<group>";
		};
		C27F3FE315D005DE00E9FE90 /* iPad */ = {
			isa = PBXGroup;
			children = (
				C27F3FE415D005DF00E9FE90 /* MainWindow-iPad.xib */,
			);
			name = iPad;
			sourceTree = "<group>";
		};
/* End PBXGroup section */

/* Begin PBXNativeTarget section */
		1D6058900D05DD3D006BFB54 /* volume */ = {
			isa = PBXNativeTarget;
			buildConfigurationList = 1D6058960D05DD3E006BFB54 /* Build configuration list for PBXNativeTarget "volume" */;
			buildPhases = (
				1D60588D0D05DD3D006BFB54 /* Resources */,
				1D60588E0D05DD3D006BFB54 /* Sources */,
				1D60588F0D05DD3D006BFB54 /* Frameworks */,
			);
			buildRules = (
			);
			dependencies = (
			);
			name = volume;
			productName = Tutorial6;
			productReference = 1D6058910D05DD3D006BFB54 /* volume.app */;
			productType = "com.apple.product-type.application";
		};
/* End PBXNativeTarget section */

/* Begin PBXProject section */
		29B97313FDCFA39411CA2CEA /* Project object */ = {
			isa = PBXProject;
			attributes = {
				LastUpgradeCheck = 0420;
			};
			buildConfigurationList = C01FCF4E08A954540054247B /* Build configuration list for PBXProject "volume" */;
			compatibilityVersion = "Xcode 3.2";
			developmentRegion = English;
			hasScannedForEncodings = 1;
			knownRegions = (
				English,
				Japanese,
				French,
				German,
			);
			mainGroup = 29B97314FDCFA39411CA2CEA /* CustomTemplate */;
			projectDirPath = "";
			projectRoot = "";
			targets = (
				1D6058900D05DD3D006BFB54 /* volume */,
			);
		};
/* End PBXProject section */

/* Begin PBXResourcesBuildPhase section */
		1D60588D0D05DD3D006BFB54 /* Resources */ = {
			isa = PBXResourcesBuildPhase;
			buildActionMask = 2147483647;
			files = (
				28AD733F0D9D9553002E5188 /* MainWindow.xib in Resources */,
				28EC4C5A11D54ECE0027AA9F /* VolumeViewController.xib in Resources */,
				BE3989FE13CE5A230097B70E /* body01.raw in Resources */,
				C27F3FE515D005DF00E9FE90 /* MainWindow-iPad.xib in Resources */,
			);
			runOnlyForDeploymentPostprocessing = 0;
		};
/* End PBXResourcesBuildPhase section */

/* Begin PBXSourcesBuildPhase section */
		1D60588E0D05DD3D006BFB54 /* Sources */ = {
			isa = PBXSourcesBuildPhase;
			buildActionMask = 2147483647;
			files = (
				1D60589B0D05DD56006BFB54 /* main.m in Sources */,
				1D3623260D0F684500981E51 /* VolumeAppDelegate.m in Sources */,
				28FD14FE0DC6FC130079059D /* EAGLView.mm in Sources */,
				28EC4C5911D54ECE0027AA9F /* VolumeViewController.mm in Sources */,
				834483CC1252035D003F7E18 /* esShader.c in Sources */,
				834483CD1252035D003F7E18 /* esShapes.c in Sources */,
				834483CE1252035D003F7E18 /* esTransform.c in Sources */,
				834483CF1252035D003F7E18 /* esUtil.c in Sources */,
				83BBAF80128C4117008FAA9B /* texture_support.mm in Sources */,
				C23A00FC15939244007892C6 /* ShaderUtils.cpp in Sources */,
				C287653E1594E04600D664ED /* PinholeCamera.m in Sources */,
			);
			runOnlyForDeploymentPostprocessing = 0;
		};
/* End PBXSourcesBuildPhase section */

/* Begin XCBuildConfiguration section */
		1D6058940D05DD3E006BFB54 /* Debug */ = {
			isa = XCBuildConfiguration;
			buildSettings = {
				ALWAYS_SEARCH_USER_PATHS = NO;
				CODE_SIGN_IDENTITY = "iPhone Developer: Jeronimo Grandi (59QMP4Q6HV)";
				"CODE_SIGN_IDENTITY[sdk=iphoneos*]" = "iPhone Developer: Jeronimo Grandi (59QMP4Q6HV)";
				COPY_PHASE_STRIP = NO;
				GCC_DYNAMIC_NO_PIC = NO;
				GCC_OPTIMIZATION_LEVEL = 0;
				GCC_PRECOMPILE_PREFIX_HEADER = YES;
				GCC_PREFIX_HEADER = volume_Prefix.pch;
				"GCC_THUMB_SUPPORT[arch=armv6]" = "";
				INFOPLIST_FILE = "volume-Info.plist";
				IPHONEOS_DEPLOYMENT_TARGET = 5.0;
				New_Setting = "";
				PRODUCT_NAME = volume;
				PROVISIONING_PROFILE = "1B3B1E1A-AFB8-436E-B283-C0A9A89847A7";
				"PROVISIONING_PROFILE[sdk=iphoneos*]" = "1B3B1E1A-AFB8-436E-B283-C0A9A89847A7";
				TARGETED_DEVICE_FAMILY = 2;
			};
			name = Debug;
		};
		1D6058950D05DD3E006BFB54 /* Release */ = {
			isa = XCBuildConfiguration;
			buildSettings = {
				ALWAYS_SEARCH_USER_PATHS = NO;
				CODE_SIGN_IDENTITY = "iPhone Developer: Jeronimo Grandi (59QMP4Q6HV)";
				"CODE_SIGN_IDENTITY[sdk=iphoneos*]" = "iPhone Developer: Jeronimo Grandi (59QMP4Q6HV)";
				COPY_PHASE_STRIP = YES;
				GCC_PRECOMPILE_PREFIX_HEADER = YES;
				GCC_PREFIX_HEADER = volume_Prefix.pch;
				"GCC_THUMB_SUPPORT[arch=armv6]" = "";
				INFOPLIST_FILE = "volume-Info.plist";
				IPHONEOS_DEPLOYMENT_TARGET = 5.0;
				New_Setting = "";
				PRODUCT_NAME = volume;
				PROVISIONING_PROFILE = "1B3B1E1A-AFB8-436E-B283-C0A9A89847A7";
				"PROVISIONING_PROFILE[sdk=iphoneos*]" = "1B3B1E1A-AFB8-436E-B283-C0A9A89847A7";
				TARGETED_DEVICE_FAMILY = 2;
				VALIDATE_PRODUCT = YES;
			};
			name = Release;
		};
		C01FCF4F08A954540054247B /* Debug */ = {
			isa = XCBuildConfiguration;
			buildSettings = {
				ARCHS = "$(ARCHS_STANDARD_32_BIT)";
				CODE_SIGN_IDENTITY = "iPhone Developer: Henrique Debarba (8V9EW9PWF6)";
				"CODE_SIGN_IDENTITY[sdk=iphoneos*]" = "iPhone Developer: Henrique Debarba (8V9EW9PWF6)";
				GCC_C_LANGUAGE_STANDARD = c99;
				GCC_PREPROCESSOR_DEFINITIONS = DEBUG;
				GCC_WARN_ABOUT_RETURN_TYPE = YES;
				GCC_WARN_UNUSED_VARIABLE = YES;
				IPHONEOS_DEPLOYMENT_TARGET = 4.2;
				PROVISIONING_PROFILE = "F80B5AFC-2F19-471B-8B1D-C54F5CD705C0";
				"PROVISIONING_PROFILE[sdk=iphoneos*]" = "F80B5AFC-2F19-471B-8B1D-C54F5CD705C0";
				SDKROOT = iphoneos;
				TARGETED_DEVICE_FAMILY = 1;
			};
			name = Debug;
		};
		C01FCF5008A954540054247B /* Release */ = {
			isa = XCBuildConfiguration;
			buildSettings = {
				ARCHS = "$(ARCHS_STANDARD_32_BIT)";
				CODE_SIGN_IDENTITY = "iPhone Developer: Henrique Debarba (8V9EW9PWF6)";
				"CODE_SIGN_IDENTITY[sdk=iphoneos*]" = "iPhone Developer: Henrique Debarba (8V9EW9PWF6)";
				GCC_C_LANGUAGE_STANDARD = c99;
				GCC_WARN_ABOUT_RETURN_TYPE = YES;
				GCC_WARN_UNUSED_VARIABLE = YES;
				IPHONEOS_DEPLOYMENT_TARGET = 4.2;
				OTHER_CFLAGS = "-DNS_BLOCK_ASSERTIONS=1";
				PROVISIONING_PROFILE = "F80B5AFC-2F19-471B-8B1D-C54F5CD705C0";
				"PROVISIONING_PROFILE[sdk=iphoneos*]" = "F80B5AFC-2F19-471B-8B1D-C54F5CD705C0";
				SDKROOT = iphoneos;
				TARGETED_DEVICE_FAMILY = 1;
			};
			name = Release;
		};
/* End XCBuildConfiguration section */

/* Begin XCConfigurationList section */
		1D6058960D05DD3E006BFB54 /* Build configuration list for PBXNativeTarget "volume" */ = {
			isa = XCConfigurationList;
			buildConfigurations = (
				1D6058940D05DD3E006BFB54 /* Debug */,
				1D6058950D05DD3E006BFB54 /* Release */,
			);
			defaultConfigurationIsVisible = 0;
			defaultConfigurationName = Release;
		};
		C01FCF4E08A954540054247B /* Build configuration list for PBXProject "volume" */ = {
			isa = XCConfigurationList;
			buildConfigurations = (
				C01FCF4F08A954540054247B /* Debug */,
				C01FCF5008A954540054247B /* Release */,
			);
			defaultConfigurationIsVisible = 0;
			defaultConfigurationName = Release;
		};
/* End XCConfigurationList section */
	};
	rootObject = 29B97313FDCFA39411CA2CEA /* Project object */;
}
